
Microsoft Visual Studio Solution File, Format Version 12.00
# Visual Studio Version 16
VisualStudioVersion = 16.0.32228.343
MinimumVisualStudioVersion = 10.0.40219.1
Project("{FAE04EC0-301F-11D3-BF4B-00C04F79EFBC}") = "WebDictionary", "WebDictionary\WebDictionary.csproj", "{B4DBB1BB-917F-4BB0-977D-70012EDB1E10}"
EndProject
Project("{FAE04EC0-301F-11D3-BF4B-00C04F79EFBC}") = "DataAccessLayer", "DataAccessLayer\DataAccessLayer.csproj", "{553354AC-ACB2-40F6-BB4B-2AB2A2D64DBD}"
EndProject
Global
	GlobalSection(SolutionConfigurationPlatforms) = preSolution
		Debug|Any CPU = Debug|Any CPU
		Release|Any CPU = Release|Any CPU
	EndGlobalSection
	GlobalSection(ProjectConfigurationPlatforms) = postSolution
		{B4DBB1BB-917F-4BB0-977D-70012EDB1E10}.Debug|Any CPU.ActiveCfg = Debug|Any CPU
		{B4DBB1BB-917F-4BB0-977D-70012EDB1E10}.Debug|Any CPU.Build.0 = Debug|Any CPU
		{B4DBB1BB-917F-4BB0-977D-70012EDB1E10}.Release|Any CPU.ActiveCfg = Release|Any CPU
		{B4DBB1BB-917F-4BB0-977D-70012EDB1E10}.Release|Any CPU.Build.0 = Release|Any CPU
		{553354AC-ACB2-40F6-BB4B-2AB2A2D64DBD}.Debug|Any CPU.ActiveCfg = Debug|Any CPU
		{553354AC-ACB2-40F6-BB4B-2AB2A2D64DBD}.Debug|Any CPU.Build.0 = Debug|Any CPU
		{553354AC-ACB2-40F6-BB4B-2AB2A2D64DBD}.Release|Any CPU.ActiveCfg = Release|Any CPU
		{553354AC-ACB2-40F6-BB4B-2AB2A2D64DBD}.Release|Any CPU.Build.0 = Release|Any CPU
	EndGlobalSection
	GlobalSection(SolutionProperties) = preSolution
		HideSolutionNode = FALSE
	EndGlobalSection
	GlobalSection(ExtensibilityGlobals) = postSolution
		SolutionGuid = {9C358C4F-1FA7-4601-A180-37B717D21F91}
	EndGlobalSection
EndGlobal
